
Microsoft Visual Studio Solution File, Format Version 12.00
# Visual Studio Version 16
VisualStudioVersion = 16.0.31205.134
MinimumVisualStudioVersion = 10.0.40219.1
Project("{FAE04EC0-301F-11D3-BF4B-00C04F79EFBC}") = "BruteforceAttackCaesarCipher", "BruteforceAttackCaesarCipher.csproj", "{1549E8E3-F76C-44F0-9908-3EA9BC381864}"
EndProject
Global
	GlobalSection(SolutionConfigurationPlatforms) = preSolution
		Debug|Any CPU = Debug|Any CPU
		Release|Any CPU = Release|Any CPU
	EndGlobalSection
	GlobalSection(ProjectConfigurationPlatforms) = postSolution
		{1549E8E3-F76C-44F0-9908-3EA9BC381864}.Debug|Any CPU.ActiveCfg = Debug|Any CPU
		{1549E8E3-F76C-44F0-9908-3EA9BC381864}.Debug|Any CPU.Build.0 = Debug|Any CPU
		{1549E8E3-F76C-44F0-9908-3EA9BC381864}.Release|Any CPU.ActiveCfg = Release|Any CPU
		{1549E8E3-F76C-44F0-9908-3EA9BC381864}.Release|Any CPU.Build.0 = Release|Any CPU
	EndGlobalSection
	GlobalSection(SolutionProperties) = preSolution
		HideSolutionNode = FALSE
	EndGlobalSection
	GlobalSection(ExtensibilityGlobals) = postSolution
		SolutionGuid = {898331AC-84A0-4832-AC8E-18727E5C371E}
	EndGlobalSection
EndGlobal
